
Microsoft Visual Studio Solution File, Format Version 11.00
# Visual Studio 2010
Project("{FAE04EC0-301F-11D3-BF4B-00C04F79EFBC}") = "healthy_eating", "healthy_eating.csproj", "{B5976B2B-8CAC-455F-87AA-D04E3E8F0873}"
EndProject
Global
	GlobalSection(SolutionConfigurationPlatforms) = preSolution
		Debug|Any CPU = Debug|Any CPU
		Release|Any CPU = Release|Any CPU
	EndGlobalSection
	GlobalSection(ProjectConfigurationPlatforms) = postSolution
		{B5976B2B-8CAC-455F-87AA-D04E3E8F0873}.Debug|Any CPU.ActiveCfg = Debug|Any CPU
		{B5976B2B-8CAC-455F-87AA-D04E3E8F0873}.Debug|Any CPU.Build.0 = Debug|Any CPU
		{B5976B2B-8CAC-455F-87AA-D04E3E8F0873}.Release|Any CPU.ActiveCfg = Release|Any CPU
		{B5976B2B-8CAC-455F-87AA-D04E3E8F0873}.Release|Any CPU.Build.0 = Release|Any CPU
	EndGlobalSection
	GlobalSection(MonoDevelopProperties) = preSolution
		StartupItem = healthy_eating.csproj
	EndGlobalSection
EndGlobal
